
Microsoft Visual Studio Solution File, Format Version 12.00
# Visual Studio Version 17
VisualStudioVersion = 17.4.33205.214
MinimumVisualStudioVersion = 10.0.40219.1
Project("{FAE04EC0-301F-11D3-BF4B-00C04F79EFBC}") = "AzumoLab.Telegram.AD.Robot", "AzumoLab.Telegram.AD.Robot\AzumoLab.Telegram.AD.Robot.csproj", "{B08C721B-A4FA-4416-AD5A-C2478870BB12}"
EndProject
Global
	GlobalSection(SolutionConfigurationPlatforms) = preSolution
		Debug|Any CPU = Debug|Any CPU
		Release|Any CPU = Release|Any CPU
	EndGlobalSection
	GlobalSection(ProjectConfigurationPlatforms) = postSolution
		{B08C721B-A4FA-4416-AD5A-C2478870BB12}.Debug|Any CPU.ActiveCfg = Debug|Any CPU
		{B08C721B-A4FA-4416-AD5A-C2478870BB12}.Debug|Any CPU.Build.0 = Debug|Any CPU
		{B08C721B-A4FA-4416-AD5A-C2478870BB12}.Release|Any CPU.ActiveCfg = Release|Any CPU
		{B08C721B-A4FA-4416-AD5A-C2478870BB12}.Release|Any CPU.Build.0 = Release|Any CPU
	EndGlobalSection
	GlobalSection(SolutionProperties) = preSolution
		HideSolutionNode = FALSE
	EndGlobalSection
	GlobalSection(ExtensibilityGlobals) = postSolution
		SolutionGuid = {250A923C-5E64-4CD7-BDC5-6E736CF62668}
	EndGlobalSection
EndGlobal
